
Microsoft Visual Studio Solution File, Format Version 12.00
# Visual Studio Version 16
VisualStudioVersion = 16.0.29306.81
MinimumVisualStudioVersion = 10.0.40219.1
Project("{8BC9CEB8-8B4A-11D0-8D11-00A0C91BC942}") = "ConsoleApplication12", "ConsoleApplication12\ConsoleApplication12.vcxproj", "{BA96AA8A-8AD3-4847-AA38-EF952FD31558}"
EndProject
Global
	GlobalSection(SolutionConfigurationPlatforms) = preSolution
		Debug|x64 = Debug|x64
		Debug|x86 = Debug|x86
		Release|x64 = Release|x64
		Release|x86 = Release|x86
	EndGlobalSection
	GlobalSection(ProjectConfigurationPlatforms) = postSolution
		{BA96AA8A-8AD3-4847-AA38-EF952FD31558}.Debug|x64.ActiveCfg = Debug|x64
		{BA96AA8A-8AD3-4847-AA38-EF952FD31558}.Debug|x64.Build.0 = Debug|x64
		{BA96AA8A-8AD3-4847-AA38-EF952FD31558}.Debug|x86.ActiveCfg = Debug|Win32
		{BA96AA8A-8AD3-4847-AA38-EF952FD31558}.Debug|x86.Build.0 = Debug|Win32
		{BA96AA8A-8AD3-4847-AA38-EF952FD31558}.Release|x64.ActiveCfg = Release|x64
		{BA96AA8A-8AD3-4847-AA38-EF952FD31558}.Release|x64.Build.0 = Release|x64
		{BA96AA8A-8AD3-4847-AA38-EF952FD31558}.Release|x86.ActiveCfg = Release|Win32
		{BA96AA8A-8AD3-4847-AA38-EF952FD31558}.Release|x86.Build.0 = Release|Win32
	EndGlobalSection
	GlobalSection(SolutionProperties) = preSolution
		HideSolutionNode = FALSE
	EndGlobalSection
	GlobalSection(ExtensibilityGlobals) = postSolution
		SolutionGuid = {BF0734B5-4D5C-421F-BA98-E7A775C25C2D}
	EndGlobalSection
EndGlobal
