
Microsoft Visual Studio Solution File, Format Version 12.00
# Visual Studio Version 16
VisualStudioVersion = 16.0.29306.81
MinimumVisualStudioVersion = 10.0.40219.1
Project("{8BC9CEB8-8B4A-11D0-8D11-00A0C91BC942}") = "ConsoleApplication4", "ConsoleApplication4\ConsoleApplication4.vcxproj", "{FC866698-5C08-4262-A8EA-3C8D20B647C7}"
EndProject
Global
	GlobalSection(SolutionConfigurationPlatforms) = preSolution
		Debug|x64 = Debug|x64
		Debug|x86 = Debug|x86
		Release|x64 = Release|x64
		Release|x86 = Release|x86
	EndGlobalSection
	GlobalSection(ProjectConfigurationPlatforms) = postSolution
		{FC866698-5C08-4262-A8EA-3C8D20B647C7}.Debug|x64.ActiveCfg = Debug|x64
		{FC866698-5C08-4262-A8EA-3C8D20B647C7}.Debug|x64.Build.0 = Debug|x64
		{FC866698-5C08-4262-A8EA-3C8D20B647C7}.Debug|x86.ActiveCfg = Debug|Win32
		{FC866698-5C08-4262-A8EA-3C8D20B647C7}.Debug|x86.Build.0 = Debug|Win32
		{FC866698-5C08-4262-A8EA-3C8D20B647C7}.Release|x64.ActiveCfg = Release|x64
		{FC866698-5C08-4262-A8EA-3C8D20B647C7}.Release|x64.Build.0 = Release|x64
		{FC866698-5C08-4262-A8EA-3C8D20B647C7}.Release|x86.ActiveCfg = Release|Win32
		{FC866698-5C08-4262-A8EA-3C8D20B647C7}.Release|x86.Build.0 = Release|Win32
	EndGlobalSection
	GlobalSection(SolutionProperties) = preSolution
		HideSolutionNode = FALSE
	EndGlobalSection
	GlobalSection(ExtensibilityGlobals) = postSolution
		SolutionGuid = {5C46C25E-8293-4848-AF27-663D861F74E0}
	EndGlobalSection
EndGlobal
